
Microsoft Visual Studio Solution File, Format Version 12.00
# Visual Studio Version 17
VisualStudioVersion = 17.2.32516.85
MinimumVisualStudioVersion = 10.0.40219.1
Project("{FAE04EC0-301F-11D3-BF4B-00C04F79EFBC}") = "XamarinChekBoxTree", "XamarinChekBoxTree.csproj", "{C077D2F6-9DF3-41B3-A38B-8E0E04435196}"
EndProject
Global
	GlobalSection(SolutionConfigurationPlatforms) = preSolution
		Debug|Any CPU = Debug|Any CPU
		Release|Any CPU = Release|Any CPU
	EndGlobalSection
	GlobalSection(ProjectConfigurationPlatforms) = postSolution
		{C077D2F6-9DF3-41B3-A38B-8E0E04435196}.Debug|Any CPU.ActiveCfg = Debug|Any CPU
		{C077D2F6-9DF3-41B3-A38B-8E0E04435196}.Debug|Any CPU.Build.0 = Debug|Any CPU
		{C077D2F6-9DF3-41B3-A38B-8E0E04435196}.Debug|Any CPU.Deploy.0 = Debug|Any CPU
		{C077D2F6-9DF3-41B3-A38B-8E0E04435196}.Release|Any CPU.ActiveCfg = Release|Any CPU
		{C077D2F6-9DF3-41B3-A38B-8E0E04435196}.Release|Any CPU.Build.0 = Release|Any CPU
		{C077D2F6-9DF3-41B3-A38B-8E0E04435196}.Release|Any CPU.Deploy.0 = Release|Any CPU
	EndGlobalSection
	GlobalSection(SolutionProperties) = preSolution
		HideSolutionNode = FALSE
	EndGlobalSection
	GlobalSection(ExtensibilityGlobals) = postSolution
		SolutionGuid = {A16061AF-16A0-4F30-9F26-7600E4B86D28}
	EndGlobalSection
EndGlobal
